
Microsoft Visual Studio Solution File, Format Version 12.00
# Visual Studio Version 17
VisualStudioVersion = 17.4.33205.214
MinimumVisualStudioVersion = 10.0.40219.1
Project("{9A19103F-16F7-4668-BE54-9A1E7A4F7556}") = "DataAccess", "DataAccess\DataAccess.csproj", "{4CB93D65-C77D-4D8C-9401-1003A5464A86}"
EndProject
Project("{9A19103F-16F7-4668-BE54-9A1E7A4F7556}") = "Business", "Business\Business.csproj", "{5012CB89-BCD6-45C6-9004-59F060B2DEB8}"
EndProject
Project("{9A19103F-16F7-4668-BE54-9A1E7A4F7556}") = "Entities", "Entities\Entities.csproj", "{A843B05C-0A8E-4430-B739-1A51F622D6BC}"
EndProject
Project("{9A19103F-16F7-4668-BE54-9A1E7A4F7556}") = "ConsoleUI", "ConsoleUI\ConsoleUI.csproj", "{0DA381A6-D41E-4C7B-8129-A613FED088FB}"
EndProject
Project("{9A19103F-16F7-4668-BE54-9A1E7A4F7556}") = "Core", "Core\Core.csproj", "{EAD51644-7DC0-42D6-B4EF-4FFFBC2BCB32}"
EndProject
Project("{FAE04EC0-301F-11D3-BF4B-00C04F79EFBC}") = "WebAPI", "WebAPI\WebAPI.csproj", "{4742E133-DF9C-4D84-AD13-52AE0FB7931F}"
EndProject
Global
	GlobalSection(SolutionConfigurationPlatforms) = preSolution
		Debug|Any CPU = Debug|Any CPU
		Release|Any CPU = Release|Any CPU
	EndGlobalSection
	GlobalSection(ProjectConfigurationPlatforms) = postSolution
		{4CB93D65-C77D-4D8C-9401-1003A5464A86}.Debug|Any CPU.ActiveCfg = Debug|Any CPU
		{4CB93D65-C77D-4D8C-9401-1003A5464A86}.Debug|Any CPU.Build.0 = Debug|Any CPU
		{4CB93D65-C77D-4D8C-9401-1003A5464A86}.Release|Any CPU.ActiveCfg = Release|Any CPU
		{4CB93D65-C77D-4D8C-9401-1003A5464A86}.Release|Any CPU.Build.0 = Release|Any CPU
		{5012CB89-BCD6-45C6-9004-59F060B2DEB8}.Debug|Any CPU.ActiveCfg = Debug|Any CPU
		{5012CB89-BCD6-45C6-9004-59F060B2DEB8}.Debug|Any CPU.Build.0 = Debug|Any CPU
		{5012CB89-BCD6-45C6-9004-59F060B2DEB8}.Release|Any CPU.ActiveCfg = Release|Any CPU
		{5012CB89-BCD6-45C6-9004-59F060B2DEB8}.Release|Any CPU.Build.0 = Release|Any CPU
		{A843B05C-0A8E-4430-B739-1A51F622D6BC}.Debug|Any CPU.ActiveCfg = Debug|Any CPU
		{A843B05C-0A8E-4430-B739-1A51F622D6BC}.Debug|Any CPU.Build.0 = Debug|Any CPU
		{A843B05C-0A8E-4430-B739-1A51F622D6BC}.Release|Any CPU.ActiveCfg = Release|Any CPU
		{A843B05C-0A8E-4430-B739-1A51F622D6BC}.Release|Any CPU.Build.0 = Release|Any CPU
		{0DA381A6-D41E-4C7B-8129-A613FED088FB}.Debug|Any CPU.ActiveCfg = Debug|Any CPU
		{0DA381A6-D41E-4C7B-8129-A613FED088FB}.Debug|Any CPU.Build.0 = Debug|Any CPU
		{0DA381A6-D41E-4C7B-8129-A613FED088FB}.Release|Any CPU.ActiveCfg = Release|Any CPU
		{0DA381A6-D41E-4C7B-8129-A613FED088FB}.Release|Any CPU.Build.0 = Release|Any CPU
		{EAD51644-7DC0-42D6-B4EF-4FFFBC2BCB32}.Debug|Any CPU.ActiveCfg = Debug|Any CPU
		{EAD51644-7DC0-42D6-B4EF-4FFFBC2BCB32}.Debug|Any CPU.Build.0 = Debug|Any CPU
		{EAD51644-7DC0-42D6-B4EF-4FFFBC2BCB32}.Release|Any CPU.ActiveCfg = Release|Any CPU
		{EAD51644-7DC0-42D6-B4EF-4FFFBC2BCB32}.Release|Any CPU.Build.0 = Release|Any CPU
		{4742E133-DF9C-4D84-AD13-52AE0FB7931F}.Debug|Any CPU.ActiveCfg = Debug|Any CPU
		{4742E133-DF9C-4D84-AD13-52AE0FB7931F}.Debug|Any CPU.Build.0 = Debug|Any CPU
		{4742E133-DF9C-4D84-AD13-52AE0FB7931F}.Release|Any CPU.ActiveCfg = Release|Any CPU
		{4742E133-DF9C-4D84-AD13-52AE0FB7931F}.Release|Any CPU.Build.0 = Release|Any CPU
	EndGlobalSection
	GlobalSection(SolutionProperties) = preSolution
		HideSolutionNode = FALSE
	EndGlobalSection
	GlobalSection(ExtensibilityGlobals) = postSolution
		SolutionGuid = {820FAE8E-8A98-454C-890C-836FF9FBDBCA}
	EndGlobalSection
EndGlobal
